
Microsoft Visual Studio Solution File, Format Version 12.00
# Visual Studio Version 17
VisualStudioVersion = 17.0.31912.275
MinimumVisualStudioVersion = 10.0.40219.1
Project("{FAE04EC0-301F-11D3-BF4B-00C04F79EFBC}") = "EasyMovie.Plugin", "EasyMovie.Plugin\EasyMovie.Plugin.csproj", "{7B5A1F5F-4F9C-4B11-B8A2-CE1E5DD1F914}"
EndProject
Project("{FAE04EC0-301F-11D3-BF4B-00C04F79EFBC}") = "EasyMovie.Plugin.Tests", "EasyMovie.Plugin.Tests\EasyMovie.Plugin.Tests.csproj", "{14D5C29C-E292-4733-B15F-237F7B1C20EB}"
EndProject
Global
	GlobalSection(SolutionConfigurationPlatforms) = preSolution
		Debug|Any CPU = Debug|Any CPU
		Debug|x64 = Debug|x64
		Debug|x86 = Debug|x86
		Release|Any CPU = Release|Any CPU
		Release|x64 = Release|x64
		Release|x86 = Release|x86
	EndGlobalSection
	GlobalSection(ProjectConfigurationPlatforms) = postSolution
		{7B5A1F5F-4F9C-4B11-B8A2-CE1E5DD1F914}.Debug|Any CPU.ActiveCfg = Debug|Any CPU
		{7B5A1F5F-4F9C-4B11-B8A2-CE1E5DD1F914}.Debug|Any CPU.Build.0 = Debug|Any CPU
		{7B5A1F5F-4F9C-4B11-B8A2-CE1E5DD1F914}.Debug|x64.ActiveCfg = Debug|Any CPU
		{7B5A1F5F-4F9C-4B11-B8A2-CE1E5DD1F914}.Debug|x64.Build.0 = Debug|Any CPU
		{7B5A1F5F-4F9C-4B11-B8A2-CE1E5DD1F914}.Debug|x86.ActiveCfg = Debug|Any CPU
		{7B5A1F5F-4F9C-4B11-B8A2-CE1E5DD1F914}.Debug|x86.Build.0 = Debug|Any CPU
		{7B5A1F5F-4F9C-4B11-B8A2-CE1E5DD1F914}.Release|Any CPU.ActiveCfg = Release|Any CPU
		{7B5A1F5F-4F9C-4B11-B8A2-CE1E5DD1F914}.Release|Any CPU.Build.0 = Release|Any CPU
		{7B5A1F5F-4F9C-4B11-B8A2-CE1E5DD1F914}.Release|x64.ActiveCfg = Release|Any CPU
		{7B5A1F5F-4F9C-4B11-B8A2-CE1E5DD1F914}.Release|x64.Build.0 = Release|Any CPU
		{7B5A1F5F-4F9C-4B11-B8A2-CE1E5DD1F914}.Release|x86.ActiveCfg = Release|Any CPU
		{7B5A1F5F-4F9C-4B11-B8A2-CE1E5DD1F914}.Release|x86.Build.0 = Release|Any CPU
		{14D5C29C-E292-4733-B15F-237F7B1C20EB}.Debug|Any CPU.ActiveCfg = Debug|Any CPU
		{14D5C29C-E292-4733-B15F-237F7B1C20EB}.Debug|Any CPU.Build.0 = Debug|Any CPU
		{14D5C29C-E292-4733-B15F-237F7B1C20EB}.Debug|x64.ActiveCfg = Debug|Any CPU
		{14D5C29C-E292-4733-B15F-237F7B1C20EB}.Debug|x64.Build.0 = Debug|Any CPU
		{14D5C29C-E292-4733-B15F-237F7B1C20EB}.Debug|x86.ActiveCfg = Debug|Any CPU
		{14D5C29C-E292-4733-B15F-237F7B1C20EB}.Debug|x86.Build.0 = Debug|Any CPU
		{14D5C29C-E292-4733-B15F-237F7B1C20EB}.Release|Any CPU.ActiveCfg = Release|Any CPU
		{14D5C29C-E292-4733-B15F-237F7B1C20EB}.Release|Any CPU.Build.0 = Release|Any CPU
		{14D5C29C-E292-4733-B15F-237F7B1C20EB}.Release|x64.ActiveCfg = Release|Any CPU
		{14D5C29C-E292-4733-B15F-237F7B1C20EB}.Release|x64.Build.0 = Release|Any CPU
		{14D5C29C-E292-4733-B15F-237F7B1C20EB}.Release|x86.ActiveCfg = Release|Any CPU
		{14D5C29C-E292-4733-B15F-237F7B1C20EB}.Release|x86.Build.0 = Release|Any CPU
	EndGlobalSection
	GlobalSection(SolutionProperties) = preSolution
		HideSolutionNode = FALSE
	EndGlobalSection
EndGlobal
